// !$*UTF8*$!
{
	archiveVersion = 1;
	classes = {
	};
	objectVersion = 77;
	objects = {

/* Begin PBXBuildFile section */
		F55C17022E62BDEB0020ED67 /* Alamofire in Frameworks */ = {isa = PBXBuildFile; productRef = F55C17012E62BDEB0020ED67 /* Alamofire */; };
/* End PBXBuildFile section */

/* Begin PBXContainerItemProxy section */
		F55C16E32E62AE400020ED67 /* PBXContainerItemProxy */ = {
			isa = PBXContainerItemProxy;
			containerPortal = F55C16C42E62AE3E0020ED67 /* Project object */;
			proxyType = 1;
			remoteGlobalIDString = F55C16CB2E62AE3E0020ED67;
			remoteInfo = LefyDemo_Heart;
		};
		F55C16ED2E62AE400020ED67 /* PBXContainerItemProxy */ = {
			isa = PBXContainerItemProxy;
			containerPortal = F55C16C42E62AE3E0020ED67 /* Project object */;
			proxyType = 1;
			remoteGlobalIDString = F55C16CB2E62AE3E0020ED67;
			remoteInfo = LefyDemo_Heart;
		};
/* End PBXContainerItemProxy section */

/* Begin PBXFileReference section */
		F55C16CC2E62AE3E0020ED67 /* LefyDemo_Heart.app */ = {isa = PBXFileReference; explicitFileType = wrapper.application; includeInIndex = 0; path = LefyDemo_Heart.app; sourceTree = BUILT_PRODUCTS_DIR; };
		F55C16E22E62AE400020ED67 /* LefyDemo_HeartTests.xctest */ = {isa = PBXFileReference; explicitFileType = wrapper.cfbundle; includeInIndex = 0; path = LefyDemo_HeartTests.xctest; sourceTree = BUILT_PRODUCTS_DIR; };
		F55C16EC2E62AE400020ED67 /* LefyDemo_HeartUITests.xctest */ = {isa = PBXFileReference; explicitFileType = wrapper.cfbundle; includeInIndex = 0; path = LefyDemo_HeartUITests.xctest; sourceTree = BUILT_PRODUCTS_DIR; };
/* End PBXFileReference section */

/* Begin PBXFileSystemSynchronizedBuildFileExceptionSet section */
		F55C16F42E62AE400020ED67 /* Exceptions for "LefyDemo_Heart" folder in "LefyDemo_Heart" target */ = {
			isa = PBXFileSystemSynchronizedBuildFileExceptionSet;
			membershipExceptions = (
				Info.plist,
			);
			target = F55C16CB2E62AE3E0020ED67 /* LefyDemo_Heart */;
		};
/* End PBXFileSystemSynchronizedBuildFileExceptionSet section */

/* Begin PBXFileSystemSynchronizedRootGroup section */
		F55C16CE2E62AE3E0020ED67 /* LefyDemo_Heart */ = {
			isa = PBXFileSystemSynchronizedRootGroup;
			exceptions = (
				F55C16F42E62AE400020ED67 /* Exceptions for "LefyDemo_Heart" folder in "LefyDemo_Heart" target */,
			);
			path = LefyDemo_Heart;
			sourceTree = "<group>";
		};
		F55C16E52E62AE400020ED67 /* LefyDemo_HeartTests */ = {
			isa = PBXFileSystemSynchronizedRootGroup;
			path = LefyDemo_HeartTests;
			sourceTree = "<group>";
		};
		F55C16EF2E62AE400020ED67 /* LefyDemo_HeartUITests */ = {
			isa = PBXFileSystemSynchronizedRootGroup;
			path = LefyDemo_HeartUITests;
			sourceTree = "<group>";
		};
/* End PBXFileSystemSynchronizedRootGroup section */

/* Begin PBXFrameworksBuildPhase section */
		F55C16C92E62AE3E0020ED67 /* Frameworks */ = {
			isa = PBXFrameworksBuildPhase;
			buildActionMask = 2147483647;
			files = (
				F55C17022E62BDEB0020ED67 /* Alamofire in Frameworks */,
			);
			runOnlyForDeploymentPostprocessing = 0;
		};
		F55C16DF2E62AE400020ED67 /* Frameworks */ = {
			isa = PBXFrameworksBuildPhase;
			buildActionMask = 2147483647;
			files = (
			);
			runOnlyForDeploymentPostprocessing = 0;
		};
		F55C16E92E62AE400020ED67 /* Frameworks */ = {
			isa = PBXFrameworksBuildPhase;
			buildActionMask = 2147483647;
			files = (
			);
			runOnlyForDeploymentPostprocessing = 0;
		};
/* End PBXFrameworksBuildPhase section */

/* Begin PBXGroup section */
		F55C16C32E62AE3E0020ED67 = {
			isa = PBXGroup;
			children = (
				F55C16CE2E62AE3E0020ED67 /* LefyDemo_Heart */,
				F55C16E52E62AE400020ED67 /* LefyDemo_HeartTests */,
				F55C16EF2E62AE400020ED67 /* LefyDemo_HeartUITests */,
				F55C16CD2E62AE3E0020ED67 /* Products */,
			);
			sourceTree = "<group>";
		};
		F55C16CD2E62AE3E0020ED67 /* Products */ = {
			isa = PBXGroup;
			children = (
				F55C16CC2E62AE3E0020ED67 /* LefyDemo_Heart.app */,
				F55C16E22E62AE400020ED67 /* LefyDemo_HeartTests.xctest */,
				F55C16EC2E62AE400020ED67 /* LefyDemo_HeartUITests.xctest */,
			);
			name = Products;
			sourceTree = "<group>";
		};
/* End PBXGroup section */

/* Begin PBXNativeTarget section */
		F55C16CB2E62AE3E0020ED67 /* LefyDemo_Heart */ = {
			isa = PBXNativeTarget;
			buildConfigurationList = F55C16F52E62AE400020ED67 /* Build configuration list for PBXNativeTarget "LefyDemo_Heart" */;
			buildPhases = (
				F55C16C82E62AE3E0020ED67 /* Sources */,
				F55C16C92E62AE3E0020ED67 /* Frameworks */,
				F55C16CA2E62AE3E0020ED67 /* Resources */,
			);
			buildRules = (
			);
			dependencies = (
			);
			fileSystemSynchronizedGroups = (
				F55C16CE2E62AE3E0020ED67 /* LefyDemo_Heart */,
			);
			name = LefyDemo_Heart;
			packageProductDependencies = (
				F55C17012E62BDEB0020ED67 /* Alamofire */,
			);
			productName = LefyDemo_Heart;
			productReference = F55C16CC2E62AE3E0020ED67 /* LefyDemo_Heart.app */;
			productType = "com.apple.product-type.application";
		};
		F55C16E12E62AE400020ED67 /* LefyDemo_HeartTests */ = {
			isa = PBXNativeTarget;
			buildConfigurationList = F55C16FA2E62AE400020ED67 /* Build configuration list for PBXNativeTarget "LefyDemo_HeartTests" */;
			buildPhases = (
				F55C16DE2E62AE400020ED67 /* Sources */,
				F55C16DF2E62AE400020ED67 /* Frameworks */,
				F55C16E02E62AE400020ED67 /* Resources */,
			);
			buildRules = (
			);
			dependencies = (
				F55C16E42E62AE400020ED67 /* PBXTargetDependency */,
			);
			fileSystemSynchronizedGroups = (
				F55C16E52E62AE400020ED67 /* LefyDemo_HeartTests */,
			);
			name = LefyDemo_HeartTests;
			packageProductDependencies = (
			);
			productName = LefyDemo_HeartTests;
			productReference = F55C16E22E62AE400020ED67 /* LefyDemo_HeartTests.xctest */;
			productType = "com.apple.product-type.bundle.unit-test";
		};
		F55C16EB2E62AE400020ED67 /* LefyDemo_HeartUITests */ = {
			isa = PBXNativeTarget;
			buildConfigurationList = F55C16FD2E62AE400020ED67 /* Build configuration list for PBXNativeTarget "LefyDemo_HeartUITests" */;
			buildPhases = (
				F55C16E82E62AE400020ED67 /* Sources */,
				F55C16E92E62AE400020ED67 /* Frameworks */,
				F55C16EA2E62AE400020ED67 /* Resources */,
			);
			buildRules = (
			);
			dependencies = (
				F55C16EE2E62AE400020ED67 /* PBXTargetDependency */,
			);
			fileSystemSynchronizedGroups = (
				F55C16EF2E62AE400020ED67 /* LefyDemo_HeartUITests */,
			);
			name = LefyDemo_HeartUITests;
			packageProductDependencies = (
			);
			productName = LefyDemo_HeartUITests;
			productReference = F55C16EC2E62AE400020ED67 /* LefyDemo_HeartUITests.xctest */;
			productType = "com.apple.product-type.bundle.ui-testing";
		};
/* End PBXNativeTarget section */

/* Begin PBXProject section */
		F55C16C42E62AE3E0020ED67 /* Project object */ = {
			isa = PBXProject;
			attributes = {
				BuildIndependentTargetsInParallel = 1;
				LastSwiftUpdateCheck = 1640;
				LastUpgradeCheck = 1640;
				TargetAttributes = {
					F55C16CB2E62AE3E0020ED67 = {
						CreatedOnToolsVersion = 16.4;
					};
					F55C16E12E62AE400020ED67 = {
						CreatedOnToolsVersion = 16.4;
						TestTargetID = F55C16CB2E62AE3E0020ED67;
					};
					F55C16EB2E62AE400020ED67 = {
						CreatedOnToolsVersion = 16.4;
						TestTargetID = F55C16CB2E62AE3E0020ED67;
					};
				};
			};
			buildConfigurationList = F55C16C72E62AE3E0020ED67 /* Build configuration list for PBXProject "LefyDemo_Heart" */;
			developmentRegion = en;
			hasScannedForEncodings = 0;
			knownRegions = (
				en,
				Base,
			);
			mainGroup = F55C16C32E62AE3E0020ED67;
			minimizedProjectReferenceProxies = 1;
			packageReferences = (
				F55C17002E62BDEB0020ED67 /* XCRemoteSwiftPackageReference "Alamofire" */,
			);
			preferredProjectObjectVersion = 77;
			productRefGroup = F55C16CD2E62AE3E0020ED67 /* Products */;
			projectDirPath = "";
			projectRoot = "";
			targets = (
				F55C16CB2E62AE3E0020ED67 /* LefyDemo_Heart */,
				F55C16E12E62AE400020ED67 /* LefyDemo_HeartTests */,
				F55C16EB2E62AE400020ED67 /* LefyDemo_HeartUITests */,
			);
		};
/* End PBXProject section */

/* Begin PBXResourcesBuildPhase section */
		F55C16CA2E62AE3E0020ED67 /* Resources */ = {
			isa = PBXResourcesBuildPhase;
			buildActionMask = 2147483647;
			files = (
			);
			runOnlyForDeploymentPostprocessing = 0;
		};
		F55C16E02E62AE400020ED67 /* Resources */ = {
			isa = PBXResourcesBuildPhase;
			buildActionMask = 2147483647;
			files = (
			);
			runOnlyForDeploymentPostprocessing = 0;
		};
		F55C16EA2E62AE400020ED67 /* Resources */ = {
			isa = PBXResourcesBuildPhase;
			buildActionMask = 2147483647;
			files = (
			);
			runOnlyForDeploymentPostprocessing = 0;
		};
/* End PBXResourcesBuildPhase section */

/* Begin PBXSourcesBuildPhase section */
		F55C16C82E62AE3E0020ED67 /* Sources */ = {
			isa = PBXSourcesBuildPhase;
			buildActionMask = 2147483647;
			files = (
			);
			runOnlyForDeploymentPostprocessing = 0;
		};
		F55C16DE2E62AE400020ED67 /* Sources */ = {
			isa = PBXSourcesBuildPhase;
			buildActionMask = 2147483647;
			files = (
			);
			runOnlyForDeploymentPostprocessing = 0;
		};
		F55C16E82E62AE400020ED67 /* Sources */ = {
			isa = PBXSourcesBuildPhase;
			buildActionMask = 2147483647;
			files = (
			);
			runOnlyForDeploymentPostprocessing = 0;
		};
/* End PBXSourcesBuildPhase section */

/* Begin PBXTargetDependency section */
		F55C16E42E62AE400020ED67 /* PBXTargetDependency */ = {
			isa = PBXTargetDependency;
			target = F55C16CB2E62AE3E0020ED67 /* LefyDemo_Heart */;
			targetProxy = F55C16E32E62AE400020ED67 /* PBXContainerItemProxy */;
		};
		F55C16EE2E62AE400020ED67 /* PBXTargetDependency */ = {
			isa = PBXTargetDependency;
			target = F55C16CB2E62AE3E0020ED67 /* LefyDemo_Heart */;
			targetProxy = F55C16ED2E62AE400020ED67 /* PBXContainerItemProxy */;
		};
/* End PBXTargetDependency section */

/* Begin XCBuildConfiguration section */
		F55C16F62E62AE400020ED67 /* Debug */ = {
			isa = XCBuildConfiguration;
			buildSettings = {
				ASSETCATALOG_COMPILER_APPICON_NAME = AppIcon;
				ASSETCATALOG_COMPILER_GLOBAL_ACCENT_COLOR_NAME = AccentColor;
				CODE_SIGN_STYLE = Automatic;
				CURRENT_PROJECT_VERSION = 1;
				GENERATE_INFOPLIST_FILE = YES;
				INFOPLIST_FILE = LefyDemo_Heart/Info.plist;
				INFOPLIST_KEY_UIApplicationSupportsIndirectInputEvents = YES;
				INFOPLIST_KEY_UILaunchStoryboardName = LaunchScreen;
				INFOPLIST_KEY_UIMainStoryboardFile = Main;
				INFOPLIST_KEY_UISupportedInterfaceOrientations_iPad = "UIInterfaceOrientationPortrait UIInterfaceOrientationPortraitUpsideDown UIInterfaceOrientationLandscapeLeft UIInterfaceOrientationLandscapeRight";
				INFOPLIST_KEY_UISupportedInterfaceOrientations_iPhone = "UIInterfaceOrientationPortrait UIInterfaceOrientationLandscapeLeft UIInterfaceOrientationLandscapeRight";
				LD_RUNPATH_SEARCH_PATHS = (
					"$(inherited)",
					"@executable_path/Frameworks",
				);
				MARKETING_VERSION = 1.0;
				PRODUCT_BUNDLE_IDENTIFIER = "com.three.LefyDemo-Heart";
				PRODUCT_NAME = "$(TARGET_NAME)";
				SWIFT_EMIT_LOC_STRINGS = YES;
				SWIFT_VERSION = 5.0;
				TARGETED_DEVICE_FAMILY = "1,2";
			};
			name = Debug;
		};
		F55C16F72E62AE400020ED67 /* Release */ = {
			isa = XCBuildConfiguration;
			buildSettings = {
				ASSETCATALOG_COMPILER_APPICON_NAME = AppIcon;
				ASSETCATALOG_COMPILER_GLOBAL_ACCENT_COLOR_NAME = AccentColor;
				CODE_SIGN_STYLE = Automatic;
				CURRENT_PROJECT_VERSION = 1;
				GENERATE_INFOPLIST_FILE = YES;
				INFOPLIST_FILE = LefyDemo_Heart/Info.plist;
				INFOPLIST_KEY_UIApplicationSupportsIndirectInputEvents = YES;
				INFOPLIST_KEY_UILaunchStoryboardName = LaunchScreen;
				INFOPLIST_KEY_UIMainStoryboardFile = Main;
				INFOPLIST_KEY_UISupportedInterfaceOrientations_iPad = "UIInterfaceOrientationPortrait UIInterfaceOrientationPortraitUpsideDown UIInterfaceOrientationLandscapeLeft UIInterfaceOrientationLandscapeRight";
				INFOPLIST_KEY_UISupportedInterfaceOrientations_iPhone = "UIInterfaceOrientationPortrait UIInterfaceOrientationLandscapeLeft UIInterfaceOrientationLandscapeRight";
				LD_RUNPATH_SEARCH_PATHS = (
					"$(inherited)",
					"@executable_path/Frameworks",
				);
				MARKETING_VERSION = 1.0;
				PRODUCT_BUNDLE_IDENTIFIER = "com.three.LefyDemo-Heart";
				PRODUCT_NAME = "$(TARGET_NAME)";
				SWIFT_EMIT_LOC_STRINGS = YES;
				SWIFT_VERSION = 5.0;
				TARGETED_DEVICE_FAMILY = "1,2";
			};
			name = Release;
		};
		F55C16F82E62AE400020ED67 /* Debug */ = {
			isa = XCBuildConfiguration;
			buildSettings = {
				ALWAYS_SEARCH_USER_PATHS = NO;
				ASSETCATALOG_COMPILER_GENERATE_SWIFT_ASSET_SYMBOL_EXTENSIONS = YES;
				CLANG_ANALYZER_NONNULL = YES;
				CLANG_ANALYZER_NUMBER_OBJECT_CONVERSION = YES_AGGRESSIVE;
				CLANG_CXX_LANGUAGE_STANDARD = "gnu++20";
				CLANG_ENABLE_MODULES = YES;
				CLANG_ENABLE_OBJC_ARC = YES;
				CLANG_ENABLE_OBJC_WEAK = YES;
				CLANG_WARN_BLOCK_CAPTURE_AUTORELEASING = YES;
				CLANG_WARN_BOOL_CONVERSION = YES;
				CLANG_WARN_COMMA = YES;
				CLANG_WARN_CONSTANT_CONVERSION = YES;
				CLANG_WARN_DEPRECATED_OBJC_IMPLEMENTATIONS = YES;
				CLANG_WARN_DIRECT_OBJC_ISA_USAGE = YES_ERROR;
				CLANG_WARN_DOCUMENTATION_COMMENTS = YES;
				CLANG_WARN_EMPTY_BODY = YES;
				CLANG_WARN_ENUM_CONVERSION = YES;
				CLANG_WARN_INFINITE_RECURSION = YES;
				CLANG_WARN_INT_CONVERSION = YES;
				CLANG_WARN_NON_LITERAL_NULL_CONVERSION = YES;
				CLANG_WARN_OBJC_IMPLICIT_RETAIN_SELF = YES;
				CLANG_WARN_OBJC_LITERAL_CONVERSION = YES;
				CLANG_WARN_OBJC_ROOT_CLASS = YES_ERROR;
				CLANG_WARN_QUOTED_INCLUDE_IN_FRAMEWORK_HEADER = YES;
				CLANG_WARN_RANGE_LOOP_ANALYSIS = YES;
				CLANG_WARN_STRICT_PROTOTYPES = YES;
				CLANG_WARN_SUSPICIOUS_MOVE = YES;
				CLANG_WARN_UNGUARDED_AVAILABILITY = YES_AGGRESSIVE;
				CLANG_WARN_UNREACHABLE_CODE = YES;
				CLANG_WARN__DUPLICATE_METHOD_MATCH = YES;
				COPY_PHASE_STRIP = NO;
				DEBUG_INFORMATION_FORMAT = dwarf;
				ENABLE_STRICT_OBJC_MSGSEND = YES;
				ENABLE_TESTABILITY = YES;
				ENABLE_USER_SCRIPT_SANDBOXING = YES;
				GCC_C_LANGUAGE_STANDARD = gnu17;
				GCC_DYNAMIC_NO_PIC = NO;
				GCC_NO_COMMON_BLOCKS = YES;
				GCC_OPTIMIZATION_LEVEL = 0;
				GCC_PREPROCESSOR_DEFINITIONS = (
					"DEBUG=1",
					"$(inherited)",
				);
				GCC_WARN_64_TO_32_BIT_CONVERSION = YES;
				GCC_WARN_ABOUT_RETURN_TYPE = YES_ERROR;
				GCC_WARN_UNDECLARED_SELECTOR = YES;
				GCC_WARN_UNINITIALIZED_AUTOS = YES_AGGRESSIVE;
				GCC_WARN_UNUSED_FUNCTION = YES;
				GCC_WARN_UNUSED_VARIABLE = YES;
				IPHONEOS_DEPLOYMENT_TARGET = 18.5;
				LOCALIZATION_PREFERS_STRING_CATALOGS = YES;
				MTL_ENABLE_DEBUG_INFO = INCLUDE_SOURCE;
				MTL_FAST_MATH = YES;
				ONLY_ACTIVE_ARCH = YES;
				SDKROOT = iphoneos;
				SWIFT_ACTIVE_COMPILATION_CONDITIONS = "DEBUG $(inherited)";
				SWIFT_OPTIMIZATION_LEVEL = "-Onone";
			};
			name = Debug;
		};
		F55C16F92E62AE400020ED67 /* Release */ = {
			isa = XCBuildConfiguration;
			buildSettings = {
				ALWAYS_SEARCH_USER_PATHS = NO;
				ASSETCATALOG_COMPILER_GENERATE_SWIFT_ASSET_SYMBOL_EXTENSIONS = YES;
				CLANG_ANALYZER_NONNULL = YES;
				CLANG_ANALYZER_NUMBER_OBJECT_CONVERSION = YES_AGGRESSIVE;
				CLANG_CXX_LANGUAGE_STANDARD = "gnu++20";
				CLANG_ENABLE_MODULES = YES;
				CLANG_ENABLE_OBJC_ARC = YES;
				CLANG_ENABLE_OBJC_WEAK = YES;
				CLANG_WARN_BLOCK_CAPTURE_AUTORELEASING = YES;
				CLANG_WARN_BOOL_CONVERSION = YES;
				CLANG_WARN_COMMA = YES;
				CLANG_WARN_CONSTANT_CONVERSION = YES;
				CLANG_WARN_DEPRECATED_OBJC_IMPLEMENTATIONS = YES;
				CLANG_WARN_DIRECT_OBJC_ISA_USAGE = YES_ERROR;
				CLANG_WARN_DOCUMENTATION_COMMENTS = YES;
				CLANG_WARN_EMPTY_BODY = YES;
				CLANG_WARN_ENUM_CONVERSION = YES;
				CLANG_WARN_INFINITE_RECURSION = YES;
				CLANG_WARN_INT_CONVERSION = YES;
				CLANG_WARN_NON_LITERAL_NULL_CONVERSION = YES;
				CLANG_WARN_OBJC_IMPLICIT_RETAIN_SELF = YES;
				CLANG_WARN_OBJC_LITERAL_CONVERSION = YES;
				CLANG_WARN_OBJC_ROOT_CLASS = YES_ERROR;
				CLANG_WARN_QUOTED_INCLUDE_IN_FRAMEWORK_HEADER = YES;
				CLANG_WARN_RANGE_LOOP_ANALYSIS = YES;
				CLANG_WARN_STRICT_PROTOTYPES = YES;
				CLANG_WARN_SUSPICIOUS_MOVE = YES;
				CLANG_WARN_UNGUARDED_AVAILABILITY = YES_AGGRESSIVE;
				CLANG_WARN_UNREACHABLE_CODE = YES;
				CLANG_WARN__DUPLICATE_METHOD_MATCH = YES;
				COPY_PHASE_STRIP = NO;
				DEBUG_INFORMATION_FORMAT = "dwarf-with-dsym";
				ENABLE_NS_ASSERTIONS = NO;
				ENABLE_STRICT_OBJC_MSGSEND = YES;
				ENABLE_USER_SCRIPT_SANDBOXING = YES;
				GCC_C_LANGUAGE_STANDARD = gnu17;
				GCC_NO_COMMON_BLOCKS = YES;
				GCC_WARN_64_TO_32_BIT_CONVERSION = YES;
				GCC_WARN_ABOUT_RETURN_TYPE = YES_ERROR;
				GCC_WARN_UNDECLARED_SELECTOR = YES;
				GCC_WARN_UNINITIALIZED_AUTOS = YES_AGGRESSIVE;
				GCC_WARN_UNUSED_FUNCTION = YES;
				GCC_WARN_UNUSED_VARIABLE = YES;
				IPHONEOS_DEPLOYMENT_TARGET = 18.5;
				LOCALIZATION_PREFERS_STRING_CATALOGS = YES;
				MTL_ENABLE_DEBUG_INFO = NO;
				MTL_FAST_MATH = YES;
				SDKROOT = iphoneos;
				SWIFT_COMPILATION_MODE = wholemodule;
				VALIDATE_PRODUCT = YES;
			};
			name = Release;
		};
		F55C16FB2E62AE400020ED67 /* Debug */ = {
			isa = XCBuildConfiguration;
			buildSettings = {
				BUNDLE_LOADER = "$(TEST_HOST)";
				CODE_SIGN_STYLE = Automatic;
				CURRENT_PROJECT_VERSION = 1;
				GENERATE_INFOPLIST_FILE = YES;
				IPHONEOS_DEPLOYMENT_TARGET = 18.5;
				MARKETING_VERSION = 1.0;
				PRODUCT_BUNDLE_IDENTIFIER = "com.three.LefyDemo-HeartTests";
				PRODUCT_NAME = "$(TARGET_NAME)";
				SWIFT_EMIT_LOC_STRINGS = NO;
				SWIFT_VERSION = 5.0;
				TARGETED_DEVICE_FAMILY = "1,2";
				TEST_HOST = "$(BUILT_PRODUCTS_DIR)/LefyDemo_Heart.app/$(BUNDLE_EXECUTABLE_FOLDER_PATH)/LefyDemo_Heart";
			};
			name = Debug;
		};
		F55C16FC2E62AE400020ED67 /* Release */ = {
			isa = XCBuildConfiguration;
			buildSettings = {
				BUNDLE_LOADER = "$(TEST_HOST)";
				CODE_SIGN_STYLE = Automatic;
				CURRENT_PROJECT_VERSION = 1;
				GENERATE_INFOPLIST_FILE = YES;
				IPHONEOS_DEPLOYMENT_TARGET = 18.5;
				MARKETING_VERSION = 1.0;
				PRODUCT_BUNDLE_IDENTIFIER = "com.three.LefyDemo-HeartTests";
				PRODUCT_NAME = "$(TARGET_NAME)";
				SWIFT_EMIT_LOC_STRINGS = NO;
				SWIFT_VERSION = 5.0;
				TARGETED_DEVICE_FAMILY = "1,2";
				TEST_HOST = "$(BUILT_PRODUCTS_DIR)/LefyDemo_Heart.app/$(BUNDLE_EXECUTABLE_FOLDER_PATH)/LefyDemo_Heart";
			};
			name = Release;
		};
		F55C16FE2E62AE400020ED67 /* Debug */ = {
			isa = XCBuildConfiguration;
			buildSettings = {
				CODE_SIGN_STYLE = Automatic;
				CURRENT_PROJECT_VERSION = 1;
				GENERATE_INFOPLIST_FILE = YES;
				MARKETING_VERSION = 1.0;
				PRODUCT_BUNDLE_IDENTIFIER = "com.three.LefyDemo-HeartUITests";
				PRODUCT_NAME = "$(TARGET_NAME)";
				SWIFT_EMIT_LOC_STRINGS = NO;
				SWIFT_VERSION = 5.0;
				TARGETED_DEVICE_FAMILY = "1,2";
				TEST_TARGET_NAME = LefyDemo_Heart;
			};
			name = Debug;
		};
		F55C16FF2E62AE400020ED67 /* Release */ = {
			isa = XCBuildConfiguration;
			buildSettings = {
				CODE_SIGN_STYLE = Automatic;
				CURRENT_PROJECT_VERSION = 1;
				GENERATE_INFOPLIST_FILE = YES;
				MARKETING_VERSION = 1.0;
				PRODUCT_BUNDLE_IDENTIFIER = "com.three.LefyDemo-HeartUITests";
				PRODUCT_NAME = "$(TARGET_NAME)";
				SWIFT_EMIT_LOC_STRINGS = NO;
				SWIFT_VERSION = 5.0;
				TARGETED_DEVICE_FAMILY = "1,2";
				TEST_TARGET_NAME = LefyDemo_Heart;
			};
			name = Release;
		};
/* End XCBuildConfiguration section */

/* Begin XCConfigurationList section */
		F55C16C72E62AE3E0020ED67 /* Build configuration list for PBXProject "LefyDemo_Heart" */ = {
			isa = XCConfigurationList;
			buildConfigurations = (
				F55C16F82E62AE400020ED67 /* Debug */,
				F55C16F92E62AE400020ED67 /* Release */,
			);
			defaultConfigurationIsVisible = 0;
			defaultConfigurationName = Release;
		};
		F55C16F52E62AE400020ED67 /* Build configuration list for PBXNativeTarget "LefyDemo_Heart" */ = {
			isa = XCConfigurationList;
			buildConfigurations = (
				F55C16F62E62AE400020ED67 /* Debug */,
				F55C16F72E62AE400020ED67 /* Release */,
			);
			defaultConfigurationIsVisible = 0;
			defaultConfigurationName = Release;
		};
		F55C16FA2E62AE400020ED67 /* Build configuration list for PBXNativeTarget "LefyDemo_HeartTests" */ = {
			isa = XCConfigurationList;
			buildConfigurations = (
				F55C16FB2E62AE400020ED67 /* Debug */,
				F55C16FC2E62AE400020ED67 /* Release */,
			);
			defaultConfigurationIsVisible = 0;
			defaultConfigurationName = Release;
		};
		F55C16FD2E62AE400020ED67 /* Build configuration list for PBXNativeTarget "LefyDemo_HeartUITests" */ = {
			isa = XCConfigurationList;
			buildConfigurations = (
				F55C16FE2E62AE400020ED67 /* Debug */,
				F55C16FF2E62AE400020ED67 /* Release */,
			);
			defaultConfigurationIsVisible = 0;
			defaultConfigurationName = Release;
		};
/* End XCConfigurationList section */

/* Begin XCRemoteSwiftPackageReference section */
		F55C17002E62BDEB0020ED67 /* XCRemoteSwiftPackageReference "Alamofire" */ = {
			isa = XCRemoteSwiftPackageReference;
			repositoryURL = "https://github.com/Alamofire/Alamofire";
			requirement = {
				kind = upToNextMajorVersion;
				minimumVersion = 5.10.2;
			};
		};
/* End XCRemoteSwiftPackageReference section */

/* Begin XCSwiftPackageProductDependency section */
		F55C17012E62BDEB0020ED67 /* Alamofire */ = {
			isa = XCSwiftPackageProductDependency;
			package = F55C17002E62BDEB0020ED67 /* XCRemoteSwiftPackageReference "Alamofire" */;
			productName = Alamofire;
		};
/* End XCSwiftPackageProductDependency section */
	};
	rootObject = F55C16C42E62AE3E0020ED67 /* Project object */;
}
